<?xml version="1.0" encoding="utf-8"?>
<Project ToolsVersion="4.0" xmlns="http://schemas.microsoft.com/developer/msbuild/2003">
  <ItemGroup>
    <Filter Include="源文件">
      <UniqueIdentifier>{4FC737F1-C7A5-4376-A066-2A32D752A2FF}</UniqueIdentifier>
      <Extensions>cpp;c;cc;cxx;def;odl;idl;hpj;bat;asm;asmx</Extensions>
    </Filter>
    <Filter Include="头文件">
      <UniqueIdentifier>{93995380-89BD-4b04-88EB-625FBE52EBFB}</UniqueIdentifier>
      <Extensions>h;hh;hpp;hxx;hm;inl;inc;xsd</Extensions>
    </Filter>
    <Filter Include="资源文件">
      <UniqueIdentifier>{67DA6AB6-F800-4c08-8B7A-83BB121AAD01}</UniqueIdentifier>
      <Extensions>rc;ico;cur;bmp;dlg;rc2;rct;bin;rgs;gif;jpg;jpeg;jpe;resx;tiff;tif;png;wav;mfcribbon-ms</Extensions>
    </Filter>
    <Filter Include="源文件\core">
      <UniqueIdentifier>{48f96625-6f8f-4c89-a928-afccb3870d19}</UniqueIdentifier>
    </Filter>
    <Filter Include="头文件\core">
      <UniqueIdentifier>{fbcee7be-f0ac-4c9e-97d6-703f08cf2bf4}</UniqueIdentifier>
    </Filter>
    <Filter Include="头文件\entity">
      <UniqueIdentifier>{2a08f632-b0aa-4826-b0bc-18f991a3909f}</UniqueIdentifier>
    </Filter>
    <Filter Include="源文件\entity">
      <UniqueIdentifier>{264adc00-ca32-4642-8ea3-d71e3e571589}</UniqueIdentifier>
    </Filter>
    <Filter Include="源文件\helper">
      <UniqueIdentifier>{660e2079-c3a4-487f-b134-a90ce5562893}</UniqueIdentifier>
    </Filter>
    <Filter Include="头文件\helper">
      <UniqueIdentifier>{5df854db-e047-4319-8427-14735593913a}</UniqueIdentifier>
    </Filter>
    <Filter Include="源文件\gomocup">
      <UniqueIdentifier>{0f49ab96-b300-486a-a427-b00ab1a23505}</UniqueIdentifier>
    </Filter>
    <Filter Include="头文件\gomocup">
      <UniqueIdentifier>{7ce88d83-d144-49a5-a184-adcfe9cb4a34}</UniqueIdentifier>
    </Filter>
  </ItemGroup>
  <ItemGroup>
    <Text Include="ReadMe.txt" />
    <Text Include="input.txt">
      <Filter>资源文件</Filter>
    </Text>
    <Text Include="analyze.txt">
      <Filter>资源文件</Filter>
    </Text>
    <Text Include="expand.txt">
      <Filter>资源文件</Filter>
    </Text>
    <Text Include="combo.txt">
      <Filter>资源文件</Filter>
    </Text>
    <Text Include="combo2.txt">
      <Filter>资源文件</Filter>
    </Text>
    <Text Include="failCombo.txt">
      <Filter>资源文件</Filter>
    </Text>
    <Text Include="README.md" />
    <Text Include="License" />
    <Text Include="analyze2.txt">
      <Filter>资源文件</Filter>
    </Text>
  </ItemGroup>
  <ItemGroup>
    <ClInclude Include="stdafx.h">
      <Filter>头文件</Filter>
    </ClInclude>
    <ClInclude Include="game.h">
      <Filter>头文件\core</Filter>
    </ClInclude>
    <ClInclude Include="config.h">
      <Filter>头文件\core</Filter>
    </ClInclude>
    <ClInclude Include="point.h">
      <Filter>头文件\entity</Filter>
    </ClInclude>
    <ClInclude Include="io.h">
      <Filter>头文件\helper</Filter>
    </ClInclude>
    <ClInclude Include="console.h">
      <Filter>头文件\helper</Filter>
    </ClInclude>
    <ClInclude Include="gameMap.h">
      <Filter>头文件\core</Filter>
    </ClInclude>
    <ClInclude Include="points.h">
      <Filter>头文件\entity</Filter>
    </ClInclude>
    <ClInclude Include="score.h">
      <Filter>头文件\core</Filter>
    </ClInclude>
    <ClInclude Include="analyzeData.h">
      <Filter>头文件\entity</Filter>
    </ClInclude>
    <ClInclude Include="pointHash.h">
      <Filter>头文件\entity</Filter>
    </ClInclude>
    <ClInclude Include="analyzer.h">
      <Filter>头文件\core</Filter>
    </ClInclude>
    <ClInclude Include="levelProcessor.h">
      <Filter>头文件\core</Filter>
    </ClInclude>
    <ClInclude Include="cache.h">
      <Filter>头文件\core</Filter>
    </ClInclude>
    <ClInclude Include="gameResult.h">
      <Filter>头文件\entity</Filter>
    </ClInclude>
    <ClInclude Include="comboProcessor.h">
      <Filter>头文件\core</Filter>
    </ClInclude>
    <ClInclude Include="comboResult.h">
      <Filter>头文件\entity</Filter>
    </ClInclude>
    <ClInclude Include="pisqpipe.h">
      <Filter>头文件\gomocup</Filter>
    </ClInclude>
    <ClInclude Include="winChecker.h">
      <Filter>头文件\helper</Filter>
    </ClInclude>
    <ClInclude Include="pointSet.h">
      <Filter>头文件\entity</Filter>
    </ClInclude>
  </ItemGroup>
  <ItemGroup>
    <ClCompile Include="stdafx.cpp">
      <Filter>源文件</Filter>
    </ClCompile>
    <ClCompile Include="main.cpp">
      <Filter>源文件</Filter>
    </ClCompile>
    <ClCompile Include="game.cpp">
      <Filter>源文件\core</Filter>
    </ClCompile>
    <ClCompile Include="point.cpp">
      <Filter>源文件\entity</Filter>
    </ClCompile>
    <ClCompile Include="io.cpp">
      <Filter>源文件\helper</Filter>
    </ClCompile>
    <ClCompile Include="console.cpp">
      <Filter>源文件\helper</Filter>
    </ClCompile>
    <ClCompile Include="config.cpp">
      <Filter>源文件\core</Filter>
    </ClCompile>
    <ClCompile Include="gameMap.cpp">
      <Filter>源文件\core</Filter>
    </ClCompile>
    <ClCompile Include="points.cpp">
      <Filter>源文件\entity</Filter>
    </ClCompile>
    <ClCompile Include="score.cpp">
      <Filter>源文件\core</Filter>
    </ClCompile>
    <ClCompile Include="analyzeData.cpp">
      <Filter>源文件\entity</Filter>
    </ClCompile>
    <ClCompile Include="pointHash.cpp">
      <Filter>源文件\entity</Filter>
    </ClCompile>
    <ClCompile Include="analyzer.cpp">
      <Filter>源文件\core</Filter>
    </ClCompile>
    <ClCompile Include="levelProcessor.cpp">
      <Filter>源文件\core</Filter>
    </ClCompile>
    <ClCompile Include="cache.cpp">
      <Filter>源文件\core</Filter>
    </ClCompile>
    <ClCompile Include="gameResult.cpp">
      <Filter>源文件\entity</Filter>
    </ClCompile>
    <ClCompile Include="comboProcessor.cpp">
      <Filter>源文件\core</Filter>
    </ClCompile>
    <ClCompile Include="comboResult.cpp">
      <Filter>源文件\entity</Filter>
    </ClCompile>
    <ClCompile Include="example.cpp">
      <Filter>源文件\gomocup</Filter>
    </ClCompile>
    <ClCompile Include="pisqpipe.cpp">
      <Filter>源文件\gomocup</Filter>
    </ClCompile>
    <ClCompile Include="winChecker.cpp">
      <Filter>源文件\helper</Filter>
    </ClCompile>
    <ClCompile Include="PointSet.cpp">
      <Filter>源文件\entity</Filter>
    </ClCompile>
  </ItemGroup>
</Project>